
Microsoft Visual Studio Solution File, Format Version 12.00
# Visual Studio 15
VisualStudioVersion = 15.0.27428.2011
MinimumVisualStudioVersion = 10.0.40219.1
Project("{FAE04EC0-301F-11D3-BF4B-00C04F79EFBC}") = "Dot Net Console Progress Bar", "Dot Net Console Progress Bar\DotNetConsoleProgressBar.csproj", "{F0ED1134-069A-4B45-944A-D6B3D3E62094}"
EndProject
Global
	GlobalSection(SolutionConfigurationPlatforms) = preSolution
		Debug|Any CPU = Debug|Any CPU
		Release|Any CPU = Release|Any CPU
	EndGlobalSection
	GlobalSection(ProjectConfigurationPlatforms) = postSolution
		{F0ED1134-069A-4B45-944A-D6B3D3E62094}.Debug|Any CPU.ActiveCfg = Debug|Any CPU
		{F0ED1134-069A-4B45-944A-D6B3D3E62094}.Debug|Any CPU.Build.0 = Debug|Any CPU
		{F0ED1134-069A-4B45-944A-D6B3D3E62094}.Release|Any CPU.ActiveCfg = Release|Any CPU
		{F0ED1134-069A-4B45-944A-D6B3D3E62094}.Release|Any CPU.Build.0 = Release|Any CPU
	EndGlobalSection
	GlobalSection(SolutionProperties) = preSolution
		HideSolutionNode = FALSE
	EndGlobalSection
	GlobalSection(ExtensibilityGlobals) = postSolution
		SolutionGuid = {C9715B3E-1AB6-4EE0-A097-19153BF8811C}
	EndGlobalSection
EndGlobal
